
Microsoft Visual Studio Solution File, Format Version 12.00
# Visual Studio Version 16
VisualStudioVersion = 16.0.29613.14
MinimumVisualStudioVersion = 10.0.40219.1
Project("{9A19103F-16F7-4668-BE54-9A1E7A4F7556}") = "WebAPIApplication", "WebAPIApplication\WebAPIApplication.csproj", "{F2C4E695-BBB0-4F5C-B3E3-3107F661689C}"
EndProject
Project("{2150E333-8FDC-42A3-9474-1A3956D46DE8}") = "Domain", "Domain", "{18B0347B-2170-4128-8796-C5491708FA95}"
EndProject
Project("{9A19103F-16F7-4668-BE54-9A1E7A4F7556}") = "MicroRabbit.Domain.Core", "MicroRabbit.Domain.Core\MicroRabbit.Domain.Core.csproj", "{F730255D-5273-4434-A9ED-A0FF2D819E13}"
EndProject
Project("{2150E333-8FDC-42A3-9474-1A3956D46DE8}") = "Infra.Bus", "Infra.Bus", "{58A415CF-1107-4866-AC6E-AACA89A73BC1}"
EndProject
Project("{9A19103F-16F7-4668-BE54-9A1E7A4F7556}") = "MicroRabbit.Infra.Bus", "MicroRabbit.Infra.Bus\MicroRabbit.Infra.Bus.csproj", "{B796A44F-8E89-4479-AB14-DEAEF4FAB3E3}"
EndProject
Project("{2150E333-8FDC-42A3-9474-1A3956D46DE8}") = "Infra.IoC", "Infra.IoC", "{0A33496C-06D3-4891-B83E-DF87AC664897}"
EndProject
Project("{9A19103F-16F7-4668-BE54-9A1E7A4F7556}") = "MicroRabbit.Infra.IoC", "MicroRabbit.Infra.IoC\MicroRabbit.Infra.IoC.csproj", "{7BF68E2D-A460-497D-9F17-C0274D17C776}"
EndProject
Project("{2150E333-8FDC-42A3-9474-1A3956D46DE8}") = "Microservices", "Microservices", "{BF5E0F0F-F168-4E78-A7B0-A0F000CA68D3}"
EndProject
Project("{2150E333-8FDC-42A3-9474-1A3956D46DE8}") = "Banking", "Banking", "{D0E0842F-273F-4B3B-9A71-3D8757A2934A}"
EndProject
Project("{2150E333-8FDC-42A3-9474-1A3956D46DE8}") = "Api", "Api", "{B116346D-05D9-449A-9E7F-92360492DF10}"
EndProject
Project("{9A19103F-16F7-4668-BE54-9A1E7A4F7556}") = "MicroRabbit.Banking.Api", "MicroRabbit.Banking.Api\MicroRabbit.Banking.Api.csproj", "{A44E5AC5-3209-4E77-87BF-7F35206710D9}"
EndProject
Project("{2150E333-8FDC-42A3-9474-1A3956D46DE8}") = "Application", "Application", "{2A862CE4-6430-43FB-BFD0-C39A06C650D2}"
EndProject
Project("{9A19103F-16F7-4668-BE54-9A1E7A4F7556}") = "MicroRabbit.Banking.Application", "MicroRabbit.Banking.Application\MicroRabbit.Banking.Application.csproj", "{D66D828B-C2F2-4C6D-AA4D-5E9292A3331E}"
EndProject
Project("{2150E333-8FDC-42A3-9474-1A3956D46DE8}") = "Data", "Data", "{D40CE925-E59A-4A9A-9A7E-B3052A5D1837}"
EndProject
Project("{9A19103F-16F7-4668-BE54-9A1E7A4F7556}") = "MicroRabbit.Banking.Data", "MicroRabbit.Banking.Data\MicroRabbit.Banking.Data.csproj", "{2F320AC0-C1B9-4A5F-B384-0738AD91CA4F}"
EndProject
Project("{2150E333-8FDC-42A3-9474-1A3956D46DE8}") = "Domain", "Domain", "{BDB764E8-F3C5-4FCB-B1AD-CCB372EDB50E}"
EndProject
Project("{FAE04EC0-301F-11D3-BF4B-00C04F79EFBC}") = "MicroRabbit.Banking.Domain", "MicroRabbit.Banking.Domain\MicroRabbit.Banking.Domain.csproj", "{31593D3A-1CEC-4725-A083-68140FF84BF5}"
EndProject
Project("{2150E333-8FDC-42A3-9474-1A3956D46DE8}") = "Transfer", "Transfer", "{C5F3DD12-37EF-47B4-866C-7B15D251E910}"
EndProject
Project("{2150E333-8FDC-42A3-9474-1A3956D46DE8}") = "Api", "Api", "{ED278559-33E8-4464-9237-1C3198198A90}"
EndProject
Project("{2150E333-8FDC-42A3-9474-1A3956D46DE8}") = "Application", "Application", "{7AAD08A7-21FB-453D-9653-8E3845BC1265}"
EndProject
Project("{2150E333-8FDC-42A3-9474-1A3956D46DE8}") = "Data", "Data", "{2DFE3D5E-D854-48E5-9690-017BF4D1D395}"
EndProject
Project("{2150E333-8FDC-42A3-9474-1A3956D46DE8}") = "Domain", "Domain", "{80849B47-E38B-4E8C-8154-A6673B3724C5}"
EndProject
Project("{FAE04EC0-301F-11D3-BF4B-00C04F79EFBC}") = "MicroRabbit.Transfer.Domain", "MicroRabbit.Transfer.Domain\MicroRabbit.Transfer.Domain.csproj", "{D5EA4F99-6EA5-4BEB-A5DB-669874185CDF}"
EndProject
Project("{FAE04EC0-301F-11D3-BF4B-00C04F79EFBC}") = "MicroRabbit.Transfer.Api", "MicroRabbit.Transfer.Api\MicroRabbit.Transfer.Api.csproj", "{95AEE044-B239-4E41-BAEC-C183B5DC0744}"
EndProject
Project("{FAE04EC0-301F-11D3-BF4B-00C04F79EFBC}") = "MicroRabbit.Transfer.Application", "MicroRabbit.Transfer.Application\MicroRabbit.Transfer.Application.csproj", "{9D79798F-694F-4CC3-8890-8B7D4D650DBC}"
EndProject
Project("{FAE04EC0-301F-11D3-BF4B-00C04F79EFBC}") = "MicroRabbit.Transfer.Data", "MicroRabbit.Transfer.Data\MicroRabbit.Transfer.Data.csproj", "{3B05A773-0CF6-4E53-8914-FCB50E25F19E}"
EndProject
Project("{2150E333-8FDC-42A3-9474-1A3956D46DE8}") = "Presentation", "Presentation", "{950F64AB-ACE3-45CC-8787-6439192FE0F7}"
EndProject
Project("{FAE04EC0-301F-11D3-BF4B-00C04F79EFBC}") = "MicroRabbit.MVC", "MicroRabbit.MVC\MicroRabbit.MVC.csproj", "{9D983115-5F24-4539-97F8-3FD285982FF3}"
EndProject
Global
	GlobalSection(SolutionConfigurationPlatforms) = preSolution
		Debug|Any CPU = Debug|Any CPU
		Release|Any CPU = Release|Any CPU
	EndGlobalSection
	GlobalSection(ProjectConfigurationPlatforms) = postSolution
		{F2C4E695-BBB0-4F5C-B3E3-3107F661689C}.Debug|Any CPU.ActiveCfg = Debug|Any CPU
		{F2C4E695-BBB0-4F5C-B3E3-3107F661689C}.Debug|Any CPU.Build.0 = Debug|Any CPU
		{F2C4E695-BBB0-4F5C-B3E3-3107F661689C}.Release|Any CPU.ActiveCfg = Release|Any CPU
		{F2C4E695-BBB0-4F5C-B3E3-3107F661689C}.Release|Any CPU.Build.0 = Release|Any CPU
		{F730255D-5273-4434-A9ED-A0FF2D819E13}.Debug|Any CPU.ActiveCfg = Debug|Any CPU
		{F730255D-5273-4434-A9ED-A0FF2D819E13}.Debug|Any CPU.Build.0 = Debug|Any CPU
		{F730255D-5273-4434-A9ED-A0FF2D819E13}.Release|Any CPU.ActiveCfg = Release|Any CPU
		{F730255D-5273-4434-A9ED-A0FF2D819E13}.Release|Any CPU.Build.0 = Release|Any CPU
		{B796A44F-8E89-4479-AB14-DEAEF4FAB3E3}.Debug|Any CPU.ActiveCfg = Debug|Any CPU
		{B796A44F-8E89-4479-AB14-DEAEF4FAB3E3}.Debug|Any CPU.Build.0 = Debug|Any CPU
		{B796A44F-8E89-4479-AB14-DEAEF4FAB3E3}.Release|Any CPU.ActiveCfg = Release|Any CPU
		{B796A44F-8E89-4479-AB14-DEAEF4FAB3E3}.Release|Any CPU.Build.0 = Release|Any CPU
		{7BF68E2D-A460-497D-9F17-C0274D17C776}.Debug|Any CPU.ActiveCfg = Debug|Any CPU
		{7BF68E2D-A460-497D-9F17-C0274D17C776}.Debug|Any CPU.Build.0 = Debug|Any CPU
		{7BF68E2D-A460-497D-9F17-C0274D17C776}.Release|Any CPU.ActiveCfg = Release|Any CPU
		{7BF68E2D-A460-497D-9F17-C0274D17C776}.Release|Any CPU.Build.0 = Release|Any CPU
		{A44E5AC5-3209-4E77-87BF-7F35206710D9}.Debug|Any CPU.ActiveCfg = Debug|Any CPU
		{A44E5AC5-3209-4E77-87BF-7F35206710D9}.Debug|Any CPU.Build.0 = Debug|Any CPU
		{A44E5AC5-3209-4E77-87BF-7F35206710D9}.Release|Any CPU.ActiveCfg = Release|Any CPU
		{A44E5AC5-3209-4E77-87BF-7F35206710D9}.Release|Any CPU.Build.0 = Release|Any CPU
		{D66D828B-C2F2-4C6D-AA4D-5E9292A3331E}.Debug|Any CPU.ActiveCfg = Debug|Any CPU
		{D66D828B-C2F2-4C6D-AA4D-5E9292A3331E}.Debug|Any CPU.Build.0 = Debug|Any CPU
		{D66D828B-C2F2-4C6D-AA4D-5E9292A3331E}.Release|Any CPU.ActiveCfg = Release|Any CPU
		{D66D828B-C2F2-4C6D-AA4D-5E9292A3331E}.Release|Any CPU.Build.0 = Release|Any CPU
		{2F320AC0-C1B9-4A5F-B384-0738AD91CA4F}.Debug|Any CPU.ActiveCfg = Debug|Any CPU
		{2F320AC0-C1B9-4A5F-B384-0738AD91CA4F}.Debug|Any CPU.Build.0 = Debug|Any CPU
		{2F320AC0-C1B9-4A5F-B384-0738AD91CA4F}.Release|Any CPU.ActiveCfg = Release|Any CPU
		{2F320AC0-C1B9-4A5F-B384-0738AD91CA4F}.Release|Any CPU.Build.0 = Release|Any CPU
		{31593D3A-1CEC-4725-A083-68140FF84BF5}.Debug|Any CPU.ActiveCfg = Debug|Any CPU
		{31593D3A-1CEC-4725-A083-68140FF84BF5}.Debug|Any CPU.Build.0 = Debug|Any CPU
		{31593D3A-1CEC-4725-A083-68140FF84BF5}.Release|Any CPU.ActiveCfg = Release|Any CPU
		{31593D3A-1CEC-4725-A083-68140FF84BF5}.Release|Any CPU.Build.0 = Release|Any CPU
		{D5EA4F99-6EA5-4BEB-A5DB-669874185CDF}.Debug|Any CPU.ActiveCfg = Debug|Any CPU
		{D5EA4F99-6EA5-4BEB-A5DB-669874185CDF}.Debug|Any CPU.Build.0 = Debug|Any CPU
		{D5EA4F99-6EA5-4BEB-A5DB-669874185CDF}.Release|Any CPU.ActiveCfg = Release|Any CPU
		{D5EA4F99-6EA5-4BEB-A5DB-669874185CDF}.Release|Any CPU.Build.0 = Release|Any CPU
		{95AEE044-B239-4E41-BAEC-C183B5DC0744}.Debug|Any CPU.ActiveCfg = Debug|Any CPU
		{95AEE044-B239-4E41-BAEC-C183B5DC0744}.Debug|Any CPU.Build.0 = Debug|Any CPU
		{95AEE044-B239-4E41-BAEC-C183B5DC0744}.Release|Any CPU.ActiveCfg = Release|Any CPU
		{95AEE044-B239-4E41-BAEC-C183B5DC0744}.Release|Any CPU.Build.0 = Release|Any CPU
		{9D79798F-694F-4CC3-8890-8B7D4D650DBC}.Debug|Any CPU.ActiveCfg = Debug|Any CPU
		{9D79798F-694F-4CC3-8890-8B7D4D650DBC}.Debug|Any CPU.Build.0 = Debug|Any CPU
		{9D79798F-694F-4CC3-8890-8B7D4D650DBC}.Release|Any CPU.ActiveCfg = Release|Any CPU
		{9D79798F-694F-4CC3-8890-8B7D4D650DBC}.Release|Any CPU.Build.0 = Release|Any CPU
		{3B05A773-0CF6-4E53-8914-FCB50E25F19E}.Debug|Any CPU.ActiveCfg = Debug|Any CPU
		{3B05A773-0CF6-4E53-8914-FCB50E25F19E}.Debug|Any CPU.Build.0 = Debug|Any CPU
		{3B05A773-0CF6-4E53-8914-FCB50E25F19E}.Release|Any CPU.ActiveCfg = Release|Any CPU
		{3B05A773-0CF6-4E53-8914-FCB50E25F19E}.Release|Any CPU.Build.0 = Release|Any CPU
		{9D983115-5F24-4539-97F8-3FD285982FF3}.Debug|Any CPU.ActiveCfg = Debug|Any CPU
		{9D983115-5F24-4539-97F8-3FD285982FF3}.Debug|Any CPU.Build.0 = Debug|Any CPU
		{9D983115-5F24-4539-97F8-3FD285982FF3}.Release|Any CPU.ActiveCfg = Release|Any CPU
		{9D983115-5F24-4539-97F8-3FD285982FF3}.Release|Any CPU.Build.0 = Release|Any CPU
	EndGlobalSection
	GlobalSection(SolutionProperties) = preSolution
		HideSolutionNode = FALSE
	EndGlobalSection
	GlobalSection(NestedProjects) = preSolution
		{F730255D-5273-4434-A9ED-A0FF2D819E13} = {18B0347B-2170-4128-8796-C5491708FA95}
		{B796A44F-8E89-4479-AB14-DEAEF4FAB3E3} = {58A415CF-1107-4866-AC6E-AACA89A73BC1}
		{7BF68E2D-A460-497D-9F17-C0274D17C776} = {0A33496C-06D3-4891-B83E-DF87AC664897}
		{D0E0842F-273F-4B3B-9A71-3D8757A2934A} = {BF5E0F0F-F168-4E78-A7B0-A0F000CA68D3}
		{B116346D-05D9-449A-9E7F-92360492DF10} = {D0E0842F-273F-4B3B-9A71-3D8757A2934A}
		{A44E5AC5-3209-4E77-87BF-7F35206710D9} = {B116346D-05D9-449A-9E7F-92360492DF10}
		{2A862CE4-6430-43FB-BFD0-C39A06C650D2} = {D0E0842F-273F-4B3B-9A71-3D8757A2934A}
		{D66D828B-C2F2-4C6D-AA4D-5E9292A3331E} = {2A862CE4-6430-43FB-BFD0-C39A06C650D2}
		{D40CE925-E59A-4A9A-9A7E-B3052A5D1837} = {D0E0842F-273F-4B3B-9A71-3D8757A2934A}
		{2F320AC0-C1B9-4A5F-B384-0738AD91CA4F} = {D40CE925-E59A-4A9A-9A7E-B3052A5D1837}
		{BDB764E8-F3C5-4FCB-B1AD-CCB372EDB50E} = {D0E0842F-273F-4B3B-9A71-3D8757A2934A}
		{31593D3A-1CEC-4725-A083-68140FF84BF5} = {BDB764E8-F3C5-4FCB-B1AD-CCB372EDB50E}
		{C5F3DD12-37EF-47B4-866C-7B15D251E910} = {BF5E0F0F-F168-4E78-A7B0-A0F000CA68D3}
		{ED278559-33E8-4464-9237-1C3198198A90} = {C5F3DD12-37EF-47B4-866C-7B15D251E910}
		{7AAD08A7-21FB-453D-9653-8E3845BC1265} = {C5F3DD12-37EF-47B4-866C-7B15D251E910}
		{2DFE3D5E-D854-48E5-9690-017BF4D1D395} = {C5F3DD12-37EF-47B4-866C-7B15D251E910}
		{80849B47-E38B-4E8C-8154-A6673B3724C5} = {C5F3DD12-37EF-47B4-866C-7B15D251E910}
		{D5EA4F99-6EA5-4BEB-A5DB-669874185CDF} = {80849B47-E38B-4E8C-8154-A6673B3724C5}
		{95AEE044-B239-4E41-BAEC-C183B5DC0744} = {ED278559-33E8-4464-9237-1C3198198A90}
		{9D79798F-694F-4CC3-8890-8B7D4D650DBC} = {7AAD08A7-21FB-453D-9653-8E3845BC1265}
		{3B05A773-0CF6-4E53-8914-FCB50E25F19E} = {2DFE3D5E-D854-48E5-9690-017BF4D1D395}
		{9D983115-5F24-4539-97F8-3FD285982FF3} = {950F64AB-ACE3-45CC-8787-6439192FE0F7}
	EndGlobalSection
	GlobalSection(ExtensibilityGlobals) = postSolution
		SolutionGuid = {7FB46BAE-5EA1-40BC-BB4C-A4AD48BE3E49}
	EndGlobalSection
EndGlobal
